
Microsoft Visual Studio Solution File, Format Version 12.00
# Visual Studio Version 17
VisualStudioVersion = 17.8.34601.278
MinimumVisualStudioVersion = 10.0.40219.1
Project("{FAE04EC0-301F-11D3-BF4B-00C04F79EFBC}") = "Entidades", "Entidades\Entidades.csproj", "{E97AD34C-2B66-465D-993D-C941FF996577}"
EndProject
Project("{2150E333-8FDC-42A3-9474-1A3956D46DE8}") = "1 - API", "1 - API", "{48110A6A-82C1-4444-86AD-3F6F8AE0FCFB}"
EndProject
Project("{2150E333-8FDC-42A3-9474-1A3956D46DE8}") = "2 - DOMINIO", "2 - DOMINIO", "{C8BFB3F1-6C0B-4D50-88A0-4E2317F39221}"
EndProject
Project("{2150E333-8FDC-42A3-9474-1A3956D46DE8}") = "3 - INFRAESTRUTURA", "3 - INFRAESTRUTURA", "{7AE4365F-0205-47AA-B905-3DE6EE9D0E87}"
EndProject
Project("{2150E333-8FDC-42A3-9474-1A3956D46DE8}") = "4 - ENTIDADES", "4 - ENTIDADES", "{A7590569-7437-4746-86DF-B342FA22D004}"
EndProject
Project("{2150E333-8FDC-42A3-9474-1A3956D46DE8}") = "5 - UTILITARIOS", "5 - UTILITARIOS", "{FFE4654B-A132-409D-B1C2-8D500A413FB1}"
EndProject
Project("{FAE04EC0-301F-11D3-BF4B-00C04F79EFBC}") = "Utils", "Utils\Utils.csproj", "{986DFEAF-AB89-4CC2-8BFC-4C2675DD102F}"
EndProject
Project("{FAE04EC0-301F-11D3-BF4B-00C04F79EFBC}") = "Infra", "Infra\Infra.csproj", "{D7C8671F-2881-434C-891C-2D69A6BE4A39}"
EndProject
Project("{FAE04EC0-301F-11D3-BF4B-00C04F79EFBC}") = "Dominio", "Dominio\Dominio.csproj", "{0EC1DB6E-E06E-4AEB-980B-CD5DF43803B4}"
EndProject
Project("{FAE04EC0-301F-11D3-BF4B-00C04F79EFBC}") = "WebApi", "WebApi\WebApi.csproj", "{0A5077A2-2603-41FA-8E41-50E21DF87A79}"
EndProject
Global
	GlobalSection(SolutionConfigurationPlatforms) = preSolution
		Debug|Any CPU = Debug|Any CPU
		Release|Any CPU = Release|Any CPU
	EndGlobalSection
	GlobalSection(ProjectConfigurationPlatforms) = postSolution
		{E97AD34C-2B66-465D-993D-C941FF996577}.Debug|Any CPU.ActiveCfg = Debug|Any CPU
		{E97AD34C-2B66-465D-993D-C941FF996577}.Debug|Any CPU.Build.0 = Debug|Any CPU
		{E97AD34C-2B66-465D-993D-C941FF996577}.Release|Any CPU.ActiveCfg = Release|Any CPU
		{E97AD34C-2B66-465D-993D-C941FF996577}.Release|Any CPU.Build.0 = Release|Any CPU
		{986DFEAF-AB89-4CC2-8BFC-4C2675DD102F}.Debug|Any CPU.ActiveCfg = Debug|Any CPU
		{986DFEAF-AB89-4CC2-8BFC-4C2675DD102F}.Debug|Any CPU.Build.0 = Debug|Any CPU
		{986DFEAF-AB89-4CC2-8BFC-4C2675DD102F}.Release|Any CPU.ActiveCfg = Release|Any CPU
		{986DFEAF-AB89-4CC2-8BFC-4C2675DD102F}.Release|Any CPU.Build.0 = Release|Any CPU
		{D7C8671F-2881-434C-891C-2D69A6BE4A39}.Debug|Any CPU.ActiveCfg = Debug|Any CPU
		{D7C8671F-2881-434C-891C-2D69A6BE4A39}.Debug|Any CPU.Build.0 = Debug|Any CPU
		{D7C8671F-2881-434C-891C-2D69A6BE4A39}.Release|Any CPU.ActiveCfg = Release|Any CPU
		{D7C8671F-2881-434C-891C-2D69A6BE4A39}.Release|Any CPU.Build.0 = Release|Any CPU
		{0EC1DB6E-E06E-4AEB-980B-CD5DF43803B4}.Debug|Any CPU.ActiveCfg = Debug|Any CPU
		{0EC1DB6E-E06E-4AEB-980B-CD5DF43803B4}.Debug|Any CPU.Build.0 = Debug|Any CPU
		{0EC1DB6E-E06E-4AEB-980B-CD5DF43803B4}.Release|Any CPU.ActiveCfg = Release|Any CPU
		{0EC1DB6E-E06E-4AEB-980B-CD5DF43803B4}.Release|Any CPU.Build.0 = Release|Any CPU
		{0A5077A2-2603-41FA-8E41-50E21DF87A79}.Debug|Any CPU.ActiveCfg = Debug|Any CPU
		{0A5077A2-2603-41FA-8E41-50E21DF87A79}.Debug|Any CPU.Build.0 = Debug|Any CPU
		{0A5077A2-2603-41FA-8E41-50E21DF87A79}.Release|Any CPU.ActiveCfg = Release|Any CPU
		{0A5077A2-2603-41FA-8E41-50E21DF87A79}.Release|Any CPU.Build.0 = Release|Any CPU
	EndGlobalSection
	GlobalSection(SolutionProperties) = preSolution
		HideSolutionNode = FALSE
	EndGlobalSection
	GlobalSection(NestedProjects) = preSolution
		{E97AD34C-2B66-465D-993D-C941FF996577} = {A7590569-7437-4746-86DF-B342FA22D004}
		{986DFEAF-AB89-4CC2-8BFC-4C2675DD102F} = {FFE4654B-A132-409D-B1C2-8D500A413FB1}
		{D7C8671F-2881-434C-891C-2D69A6BE4A39} = {7AE4365F-0205-47AA-B905-3DE6EE9D0E87}
		{0EC1DB6E-E06E-4AEB-980B-CD5DF43803B4} = {C8BFB3F1-6C0B-4D50-88A0-4E2317F39221}
		{0A5077A2-2603-41FA-8E41-50E21DF87A79} = {48110A6A-82C1-4444-86AD-3F6F8AE0FCFB}
	EndGlobalSection
	GlobalSection(ExtensibilityGlobals) = postSolution
		SolutionGuid = {54F20BA8-41B9-4666-8337-8D0DA98F0C2E}
	EndGlobalSection
EndGlobal
